{
  "name": "fake-star-detector",
  "lockfileVersion": 2,
  "requires": true,
  "packages": {
    "": {
      "dependencies": {
        "@dataform/compat-for-dbt": "file:./packages/dataform-compat-for-dbt-0.2.12.tgz",
        "@dataform/compat-for-dbt-adapters": "file:./packages/dataform-compat-for-dbt-adapters-1.17.3.tgz",
        "@dataform/compat-for-dbt-bigquery": "file:./packages/dataform-compat-for-dbt-bigquery-1.10.2.tgz",
        "@dataform/core": "^3.0.59"
      }
    },
    "node_modules/@dataform/compat-for-dbt": {
      "version": "0.2.12",
      "resolved": "file:packages/dataform-compat-for-dbt-0.2.12.tgz",
      "integrity": "sha512-tJsGxqkBbBUM6dh4EVMqTNTZqzcM/dbdSdZeUcsuC0HyFKvV+HCNXdQFk+uJnaWSYIaJJXNOLMXpffrEghIxrw==",
      "license": "Apache-2.0",
      "dependencies": {
        "@dataform/core": "^3.0.56"
      },
      "engines": {
        "node": ">=25.0.0"
      }
    },
    "node_modules/@dataform/compat-for-dbt-adapters": {
      "version": "1.17.3",
      "resolved": "file:packages/dataform-compat-for-dbt-adapters-1.17.3.tgz",
      "integrity": "sha512-VRbCrlTaOZF69v8rx9tyYWbOeMZlqG3tGN6HrhfIXZVTDQh+7b1vpoLJRAOEUTJxIHaMcnylRSJyXRkVx+2OmA==",
      "license": "Apache-2.0"
    },
    "node_modules/@dataform/compat-for-dbt-bigquery": {
      "version": "1.10.2",
      "resolved": "file:packages/dataform-compat-for-dbt-bigquery-1.10.2.tgz",
      "integrity": "sha512-NoNl+6pR13AnaBSpJcBKL6i0oXEwQkwEU6w1+wtSmJds/y/lQGxclQEnFo1799V4z6MxeukEzKGYsyhUp91BmQ==",
      "license": "Apache-2.0"
    },
    "node_modules/@dataform/core": {
      "version": "3.0.59",
      "resolved": "https://registry.npmjs.org/@dataform/core/-/core-3.0.59.tgz",
      "integrity": "sha512-1WmH3TB4ZxbTJQtRF63iLSPblLOyskzs6+pDSg+1LkEreAw6GWhQ2f4C2ASHQUo5MMdAHPOLL68lJ9fhGp8SCQ==",
      "license": "Apache-2.0"
    }
  },
  "dependencies": {
    "@dataform/compat-for-dbt": {
      "version": "file:packages/dataform-compat-for-dbt-0.2.12.tgz",
      "integrity": "sha512-tJsGxqkBbBUM6dh4EVMqTNTZqzcM/dbdSdZeUcsuC0HyFKvV+HCNXdQFk+uJnaWSYIaJJXNOLMXpffrEghIxrw==",
      "requires": {
        "@dataform/core": "^3.0.56"
      }
    },
    "@dataform/compat-for-dbt-adapters": {
      "version": "file:packages/dataform-compat-for-dbt-adapters-1.17.3.tgz",
      "integrity": "sha512-VRbCrlTaOZF69v8rx9tyYWbOeMZlqG3tGN6HrhfIXZVTDQh+7b1vpoLJRAOEUTJxIHaMcnylRSJyXRkVx+2OmA=="
    },
    "@dataform/compat-for-dbt-bigquery": {
      "version": "file:packages/dataform-compat-for-dbt-bigquery-1.10.2.tgz",
      "integrity": "sha512-NoNl+6pR13AnaBSpJcBKL6i0oXEwQkwEU6w1+wtSmJds/y/lQGxclQEnFo1799V4z6MxeukEzKGYsyhUp91BmQ=="
    },
    "@dataform/core": {
      "version": "3.0.59",
      "resolved": "https://registry.npmjs.org/@dataform/core/-/core-3.0.59.tgz",
      "integrity": "sha512-1WmH3TB4ZxbTJQtRF63iLSPblLOyskzs6+pDSg+1LkEreAw6GWhQ2f4C2ASHQUo5MMdAHPOLL68lJ9fhGp8SCQ=="
    }
  }
}
